{
  "lockfile_version": "1",
  "packages": {
    "github:NixOS/nixpkgs/nixpkgs-unstable": {
      "last_modified": "2025-06-06T01:46:53Z",
      "resolved": "github:NixOS/nixpkgs/6ad174a6dc07c7742fc64005265addf87ad08615?lastModified=1749174413&narHash=sha256-urN9UMK5cd1dzhR%2BLx0xHeTgBp2MatA5%2B6g9JaxjuQs%3D"
    },
    "nodejs@23": {
      "last_modified": "2025-05-04T04:25:16Z",
      "plugin_version": "0.0.2",
      "resolved": "github:NixOS/nixpkgs/6b1c028bce9c89e9824cde040d6986d428296055#nodejs_23",
      "source": "devbox-search",
      "version": "23.11.0",
      "systems": {
        "aarch64-darwin": {
          "outputs": [
            {
              "name": "out",
              "path": "/nix/store/gdh7lnl6ksw2s9j65ah0jnr93cypq0zr-nodejs-23.11.0",
              "default": true
            },
            {
              "name": "libv8",
              "path": "/nix/store/yf4hi5pps1ciplvlrfdvmzdyv0z24l2x-nodejs-23.11.0-libv8"
            },
            {
              "name": "dev",
              "path": "/nix/store/g1c4jg5r4x6jg3zpirgmw9na2swv94sw-nodejs-23.11.0-dev"
            }
          ],
          "store_path": "/nix/store/gdh7lnl6ksw2s9j65ah0jnr93cypq0zr-nodejs-23.11.0"
        },
        "aarch64-linux": {
          "outputs": [
            {
              "name": "out",
              "path": "/nix/store/x7ivilhxy8gf1ikriff5xif8pg54jvgr-nodejs-23.11.0",
              "default": true
            },
            {
              "name": "dev",
              "path": "/nix/store/n1n2gq6vnvfi5z7cpbg3gp8256wlz089-nodejs-23.11.0-dev"
            },
            {
              "name": "libv8",
              "path": "/nix/store/86qhml3ncl7i4mib7yavcikacnrixsv2-nodejs-23.11.0-libv8"
            }
          ],
          "store_path": "/nix/store/x7ivilhxy8gf1ikriff5xif8pg54jvgr-nodejs-23.11.0"
        },
        "x86_64-darwin": {
          "outputs": [
            {
              "name": "out",
              "path": "/nix/store/bnv40f11mj4yqshylgyw4vp12vh451hb-nodejs-23.11.0",
              "default": true
            },
            {
              "name": "dev",
              "path": "/nix/store/5xkwl34mg1acklqwmm00zj04k235pkvg-nodejs-23.11.0-dev"
            },
            {
              "name": "libv8",
              "path": "/nix/store/s8k6rdbs4m8nkqq478mvq1xf4jlfhjrj-nodejs-23.11.0-libv8"
            }
          ],
          "store_path": "/nix/store/bnv40f11mj4yqshylgyw4vp12vh451hb-nodejs-23.11.0"
        },
        "x86_64-linux": {
          "outputs": [
            {
              "name": "out",
              "path": "/nix/store/farnym67jl2brs97ihsvziz7gm0yq26l-nodejs-23.11.0",
              "default": true
            },
            {
              "name": "libv8",
              "path": "/nix/store/3kx3gj5ix8nsp63kh3nkvxzbqcic85wx-nodejs-23.11.0-libv8"
            },
            {
              "name": "dev",
              "path": "/nix/store/37nmva83fc0idfd0xk7rq61zgxg0ywab-nodejs-23.11.0-dev"
            }
          ],
          "store_path": "/nix/store/farnym67jl2brs97ihsvziz7gm0yq26l-nodejs-23.11.0"
        }
      }
    },
    "typescript@latest": {
      "last_modified": "2025-05-16T20:19:48Z",
      "resolved": "github:NixOS/nixpkgs/12a55407652e04dcf2309436eb06fef0d3713ef3#typescript",
      "source": "devbox-search",
      "version": "5.8.2",
      "systems": {
        "aarch64-darwin": {
          "outputs": [
            {
              "name": "out",
              "path": "/nix/store/cw0dghf6idlcppanwx7ym4gjcbm4q6p0-typescript-5.8.2",
              "default": true
            }
          ],
          "store_path": "/nix/store/cw0dghf6idlcppanwx7ym4gjcbm4q6p0-typescript-5.8.2"
        },
        "aarch64-linux": {
          "outputs": [
            {
              "name": "out",
              "path": "/nix/store/d43ars224bsqjda7nyywhfd92hyxhz5z-typescript-5.8.2",
              "default": true
            }
          ],
          "store_path": "/nix/store/d43ars224bsqjda7nyywhfd92hyxhz5z-typescript-5.8.2"
        },
        "x86_64-darwin": {
          "outputs": [
            {
              "name": "out",
              "path": "/nix/store/wcjv916ym2qnf4qnzdn8axsyvs4qppmz-typescript-5.8.2",
              "default": true
            }
          ],
          "store_path": "/nix/store/wcjv916ym2qnf4qnzdn8axsyvs4qppmz-typescript-5.8.2"
        },
        "x86_64-linux": {
          "outputs": [
            {
              "name": "out",
              "path": "/nix/store/dnw8h2z6jdj80h5x6g2q16fk3z1sbfjb-typescript-5.8.2",
              "default": true
            }
          ],
          "store_path": "/nix/store/dnw8h2z6jdj80h5x6g2q16fk3z1sbfjb-typescript-5.8.2"
        }
      }
    }
  }
}
